// !$*UTF8*$!
{
	archiveVersion = 1;
	classes = {
	};
	objectVersion = 56;
	objects = {

/* Begin PBXBuildFile section */
		9527C8812C68451F008DE420 /* PayCardCoordinator.swift in Sources */ = {isa = PBXBuildFile; fileRef = 9527C8802C68451F008DE420 /* PayCardCoordinator.swift */; };
		9527C8832C6851E6008DE420 /* PayListViewModel.swift in Sources */ = {isa = PBXBuildFile; fileRef = 9527C8822C6851E6008DE420 /* PayListViewModel.swift */; };
		9527C8862C68522E008DE420 /* PayData.swift in Sources */ = {isa = PBXBuildFile; fileRef = 9527C8852C68522E008DE420 /* PayData.swift */; };
		9527C8882C686C56008DE420 /* AddPayViewModel.swift in Sources */ = {isa = PBXBuildFile; fileRef = 9527C8872C686C56008DE420 /* AddPayViewModel.swift */; };
		9527C88B2C68767D008DE420 /* FirebaseManager.swift in Sources */ = {isa = PBXBuildFile; fileRef = 9527C88A2C68767D008DE420 /* FirebaseManager.swift */; };
		9527C88E2C6877DC008DE420 /* String+.swift in Sources */ = {isa = PBXBuildFile; fileRef = 9527C88D2C6877DC008DE420 /* String+.swift */; };
		953CC26E2C958CE60026C5E9 /* CustomError.swift in Sources */ = {isa = PBXBuildFile; fileRef = 953CC26D2C958CE60026C5E9 /* CustomError.swift */; };
		954A10E42CA7E2D9005D5E75 /* FirebaseAnalytics in Frameworks */ = {isa = PBXBuildFile; productRef = 954A10E32CA7E2D9005D5E75 /* FirebaseAnalytics */; };
		954A10E62CA7E2D9005D5E75 /* FirebaseAuth in Frameworks */ = {isa = PBXBuildFile; productRef = 954A10E52CA7E2D9005D5E75 /* FirebaseAuth */; };
		954A10E82CA7E2D9005D5E75 /* FirebaseDatabase in Frameworks */ = {isa = PBXBuildFile; productRef = 954A10E72CA7E2D9005D5E75 /* FirebaseDatabase */; };
		954A10EA2CA7E2D9005D5E75 /* FirebaseFirestore in Frameworks */ = {isa = PBXBuildFile; productRef = 954A10E92CA7E2D9005D5E75 /* FirebaseFirestore */; };
		954A11342CB0E0F4005D5E75 /* FirebaseAuthCombine-Community in Frameworks */ = {isa = PBXBuildFile; productRef = 954A11332CB0E0F4005D5E75 /* FirebaseAuthCombine-Community */; };
		954A11362CB0E0F4005D5E75 /* FirebaseFunctions in Frameworks */ = {isa = PBXBuildFile; productRef = 954A11352CB0E0F4005D5E75 /* FirebaseFunctions */; };
		955139EE2CB0E94F003DB4E3 /* GoogleMobileAds in Frameworks */ = {isa = PBXBuildFile; productRef = 955139ED2CB0E94F003DB4E3 /* GoogleMobileAds */; };
		955139F52CB11379003DB4E3 /* BannerContentView.swift in Sources */ = {isa = PBXBuildFile; fileRef = 955139F42CB11374003DB4E3 /* BannerContentView.swift */; };
		959B1B1B2C69995700942913 /* Int+.swift in Sources */ = {isa = PBXBuildFile; fileRef = 959B1B1A2C69995700942913 /* Int+.swift */; };
		959B1B1E2C69D44700942913 /* DataStorable.swift in Sources */ = {isa = PBXBuildFile; fileRef = 959B1B1D2C69D44700942913 /* DataStorable.swift */; };
		959B1B202C69D4D000942913 /* UserDefauls+.swift in Sources */ = {isa = PBXBuildFile; fileRef = 959B1B1F2C69D4D000942913 /* UserDefauls+.swift */; };
		959B1B242C69D65A00942913 /* UserSettingScreenView.swift in Sources */ = {isa = PBXBuildFile; fileRef = 959B1B232C69D65A00942913 /* UserSettingScreenView.swift */; };
		959B1B262C69D66400942913 /* UserSettingViewModel.swift in Sources */ = {isa = PBXBuildFile; fileRef = 959B1B252C69D66400942913 /* UserSettingViewModel.swift */; };
		959B1B282C69D66F00942913 /* UserSettingCoordinator.swift in Sources */ = {isa = PBXBuildFile; fileRef = 959B1B272C69D66F00942913 /* UserSettingCoordinator.swift */; };
		959B1B2B2C6B11F400942913 /* LoadingView.swift in Sources */ = {isa = PBXBuildFile; fileRef = 959B1B2A2C6B11F400942913 /* LoadingView.swift */; };
		959B1B2E2C6B1B7300942913 /* EditPayScreenView.swift in Sources */ = {isa = PBXBuildFile; fileRef = 959B1B2D2C6B1B7300942913 /* EditPayScreenView.swift */; };
		959B1B302C6B1B7B00942913 /* EditPayViewModel.swift in Sources */ = {isa = PBXBuildFile; fileRef = 959B1B2F2C6B1B7B00942913 /* EditPayViewModel.swift */; };
		959B1B322C6B1B8600942913 /* EditPayCoordinator.swift in Sources */ = {isa = PBXBuildFile; fileRef = 959B1B312C6B1B8600942913 /* EditPayCoordinator.swift */; };
		959B1B352C6B1FBD00942913 /* PayListCoordinator.swift in Sources */ = {isa = PBXBuildFile; fileRef = 959B1B342C6B1FBD00942913 /* PayListCoordinator.swift */; };
		959B1B382C70733900942913 /* AlertView.swift in Sources */ = {isa = PBXBuildFile; fileRef = 959B1B372C70733900942913 /* AlertView.swift */; };
		959B1B3A2C7073BF00942913 /* AlertType.swift in Sources */ = {isa = PBXBuildFile; fileRef = 959B1B392C7073BF00942913 /* AlertType.swift */; };
		959B1B3C2C70770A00942913 /* SettingViewModel.swift in Sources */ = {isa = PBXBuildFile; fileRef = 959B1B3B2C70770A00942913 /* SettingViewModel.swift */; };
		959B1B3E2C7077B000942913 /* SettingCoordinator.swift in Sources */ = {isa = PBXBuildFile; fileRef = 959B1B3D2C7077B000942913 /* SettingCoordinator.swift */; };
		95A890C22C5DA06D00959F79 /* AppDelegate.swift in Sources */ = {isa = PBXBuildFile; fileRef = 95A890C12C5DA06D00959F79 /* AppDelegate.swift */; };
		95A890C42C5DA06D00959F79 /* SceneDelegate.swift in Sources */ = {isa = PBXBuildFile; fileRef = 95A890C32C5DA06D00959F79 /* SceneDelegate.swift */; };
		95A890CB2C5DA06E00959F79 /* Assets.xcassets in Resources */ = {isa = PBXBuildFile; fileRef = 95A890CA2C5DA06E00959F79 /* Assets.xcassets */; };
		95A890CE2C5DA06E00959F79 /* Base in Resources */ = {isa = PBXBuildFile; fileRef = 95A890CD2C5DA06E00959F79 /* Base */; };
		95A890D92C5DA06F00959F79 /* CoupleWalletTests.swift in Sources */ = {isa = PBXBuildFile; fileRef = 95A890D82C5DA06F00959F79 /* CoupleWalletTests.swift */; };
		95A890E32C5DA06F00959F79 /* CoupleWalletUITests.swift in Sources */ = {isa = PBXBuildFile; fileRef = 95A890E22C5DA06F00959F79 /* CoupleWalletUITests.swift */; };
		95A890E52C5DA06F00959F79 /* CoupleWalletUITestsLaunchTests.swift in Sources */ = {isa = PBXBuildFile; fileRef = 95A890E42C5DA06F00959F79 /* CoupleWalletUITestsLaunchTests.swift */; };
		95A890F22C5DA1B400959F79 /* AppCoordinator.swift in Sources */ = {isa = PBXBuildFile; fileRef = 95A890F12C5DA1B400959F79 /* AppCoordinator.swift */; };
		95A890F42C5DA26200959F79 /* Transitioner.swift in Sources */ = {isa = PBXBuildFile; fileRef = 95A890F32C5DA26200959F79 /* Transitioner.swift */; };
		95A890F62C5DA2E600959F79 /* SignInScreenView.swift in Sources */ = {isa = PBXBuildFile; fileRef = 95A890F52C5DA2E600959F79 /* SignInScreenView.swift */; };
		95A890F92C5DA33000959F79 /* SignInCoordinator.swift in Sources */ = {isa = PBXBuildFile; fileRef = 95A890F82C5DA33000959F79 /* SignInCoordinator.swift */; };
		95A891062C5DA8D600959F79 /* GoogleService-Info.plist in Resources */ = {isa = PBXBuildFile; fileRef = 95A891052C5DA8D600959F79 /* GoogleService-Info.plist */; };
		95A891082C5DAB0300959F79 /* SignInViewModel.swift in Sources */ = {isa = PBXBuildFile; fileRef = 95A891072C5DAB0300959F79 /* SignInViewModel.swift */; };
		95A891742C5F549800959F79 /* TabScreenView.swift in Sources */ = {isa = PBXBuildFile; fileRef = 95A891732C5F549800959F79 /* TabScreenView.swift */; };
		95A891762C5F54EC00959F79 /* TabViewModel.swift in Sources */ = {isa = PBXBuildFile; fileRef = 95A891752C5F54EC00959F79 /* TabViewModel.swift */; };
		95A891792C5F565300959F79 /* PayCardScreenView.swift in Sources */ = {isa = PBXBuildFile; fileRef = 95A891782C5F565300959F79 /* PayCardScreenView.swift */; };
		95A8917D2C5F56AA00959F79 /* PayListScreenView.swift in Sources */ = {isa = PBXBuildFile; fileRef = 95A8917C2C5F56AA00959F79 /* PayListScreenView.swift */; };
		95A8917F2C5F56B400959F79 /* SettingScreenView.swift in Sources */ = {isa = PBXBuildFile; fileRef = 95A8917E2C5F56B400959F79 /* SettingScreenView.swift */; };
		95A891812C5F5A0700959F79 /* PayCardViewModel.swift in Sources */ = {isa = PBXBuildFile; fileRef = 95A891802C5F5A0700959F79 /* PayCardViewModel.swift */; };
		95A891832C5F5CDF00959F79 /* AnyTransition+.swift in Sources */ = {isa = PBXBuildFile; fileRef = 95A891822C5F5CDF00959F79 /* AnyTransition+.swift */; };
		95A891862C5F5FB300959F79 /* TabCoordinator.swift in Sources */ = {isa = PBXBuildFile; fileRef = 95A891852C5F5FB300959F79 /* TabCoordinator.swift */; };
		95A891892C66D99E00959F79 /* AddPayScreenView.swift in Sources */ = {isa = PBXBuildFile; fileRef = 95A891882C66D99E00959F79 /* AddPayScreenView.swift */; };
		95A8918B2C66D9AA00959F79 /* AddPayCoordinator.swift in Sources */ = {isa = PBXBuildFile; fileRef = 95A8918A2C66D9AA00959F79 /* AddPayCoordinator.swift */; };
		95E0FBF22C8C0B48003EA7BE /* CustomTabBar.swift in Sources */ = {isa = PBXBuildFile; fileRef = 95E0FBF12C8C0B48003EA7BE /* CustomTabBar.swift */; };
		95E0FBF52C8C126B003EA7BE /* Algorithms in Frameworks */ = {isa = PBXBuildFile; productRef = 95E0FBF42C8C126B003EA7BE /* Algorithms */; };
		95E0FBF72C8C156E003EA7BE /* TabType.swift in Sources */ = {isa = PBXBuildFile; fileRef = 95E0FBF62C8C156E003EA7BE /* TabType.swift */; };
		95F6D7072C7185EA0051E00B /* PayBalanceData.swift in Sources */ = {isa = PBXBuildFile; fileRef = 95F6D7062C7185EA0051E00B /* PayBalanceData.swift */; };
		95F6D7092C71BB950051E00B /* PriceFormatter.swift in Sources */ = {isa = PBXBuildFile; fileRef = 95F6D7082C71BB950051E00B /* PriceFormatter.swift */; };
/* End PBXBuildFile section */

/* Begin PBXContainerItemProxy section */
		95A890D52C5DA06F00959F79 /* PBXContainerItemProxy */ = {
			isa = PBXContainerItemProxy;
			containerPortal = 95A890B62C5DA06D00959F79 /* Project object */;
			proxyType = 1;
			remoteGlobalIDString = 95A890BD2C5DA06D00959F79;
			remoteInfo = CoupleWallet;
		};
		95A890DF2C5DA06F00959F79 /* PBXContainerItemProxy */ = {
			isa = PBXContainerItemProxy;
			containerPortal = 95A890B62C5DA06D00959F79 /* Project object */;
			proxyType = 1;
			remoteGlobalIDString = 95A890BD2C5DA06D00959F79;
			remoteInfo = CoupleWallet;
		};
/* End PBXContainerItemProxy section */

/* Begin PBXCopyFilesBuildPhase section */
		953DBDF32C951938007F8F80 /* Embed Foundation Extensions */ = {
			isa = PBXCopyFilesBuildPhase;
			buildActionMask = 2147483647;
			dstPath = "";
			dstSubfolderSpec = 13;
			files = (
			);
			name = "Embed Foundation Extensions";
			runOnlyForDeploymentPostprocessing = 0;
		};
/* End PBXCopyFilesBuildPhase section */

/* Begin PBXFileReference section */
		9527C8802C68451F008DE420 /* PayCardCoordinator.swift */ = {isa = PBXFileReference; lastKnownFileType = sourcecode.swift; path = PayCardCoordinator.swift; sourceTree = "<group>"; };
		9527C8822C6851E6008DE420 /* PayListViewModel.swift */ = {isa = PBXFileReference; lastKnownFileType = sourcecode.swift; path = PayListViewModel.swift; sourceTree = "<group>"; };
		9527C8852C68522E008DE420 /* PayData.swift */ = {isa = PBXFileReference; lastKnownFileType = sourcecode.swift; path = PayData.swift; sourceTree = "<group>"; };
		9527C8872C686C56008DE420 /* AddPayViewModel.swift */ = {isa = PBXFileReference; lastKnownFileType = sourcecode.swift; path = AddPayViewModel.swift; sourceTree = "<group>"; };
		9527C88A2C68767D008DE420 /* FirebaseManager.swift */ = {isa = PBXFileReference; lastKnownFileType = sourcecode.swift; path = FirebaseManager.swift; sourceTree = "<group>"; };
		9527C88D2C6877DC008DE420 /* String+.swift */ = {isa = PBXFileReference; lastKnownFileType = sourcecode.swift; path = "String+.swift"; sourceTree = "<group>"; };
		953CC26D2C958CE60026C5E9 /* CustomError.swift */ = {isa = PBXFileReference; lastKnownFileType = sourcecode.swift; path = CustomError.swift; sourceTree = "<group>"; };
		953DBDE12C951935007F8F80 /* WidgetKit.framework */ = {isa = PBXFileReference; lastKnownFileType = wrapper.framework; name = WidgetKit.framework; path = System/Library/Frameworks/WidgetKit.framework; sourceTree = SDKROOT; };
		953DBDE32C951936007F8F80 /* SwiftUI.framework */ = {isa = PBXFileReference; lastKnownFileType = wrapper.framework; name = SwiftUI.framework; path = System/Library/Frameworks/SwiftUI.framework; sourceTree = SDKROOT; };
		955139F42CB11374003DB4E3 /* BannerContentView.swift */ = {isa = PBXFileReference; lastKnownFileType = sourcecode.swift; path = BannerContentView.swift; sourceTree = "<group>"; };
		959B1B1A2C69995700942913 /* Int+.swift */ = {isa = PBXFileReference; lastKnownFileType = sourcecode.swift; path = "Int+.swift"; sourceTree = "<group>"; };
		959B1B1D2C69D44700942913 /* DataStorable.swift */ = {isa = PBXFileReference; lastKnownFileType = sourcecode.swift; path = DataStorable.swift; sourceTree = "<group>"; };
		959B1B1F2C69D4D000942913 /* UserDefauls+.swift */ = {isa = PBXFileReference; lastKnownFileType = sourcecode.swift; path = "UserDefauls+.swift"; sourceTree = "<group>"; };
		959B1B232C69D65A00942913 /* UserSettingScreenView.swift */ = {isa = PBXFileReference; lastKnownFileType = sourcecode.swift; path = UserSettingScreenView.swift; sourceTree = "<group>"; };
		959B1B252C69D66400942913 /* UserSettingViewModel.swift */ = {isa = PBXFileReference; lastKnownFileType = sourcecode.swift; path = UserSettingViewModel.swift; sourceTree = "<group>"; };
		959B1B272C69D66F00942913 /* UserSettingCoordinator.swift */ = {isa = PBXFileReference; lastKnownFileType = sourcecode.swift; path = UserSettingCoordinator.swift; sourceTree = "<group>"; };
		959B1B2A2C6B11F400942913 /* LoadingView.swift */ = {isa = PBXFileReference; lastKnownFileType = sourcecode.swift; path = LoadingView.swift; sourceTree = "<group>"; };
		959B1B2D2C6B1B7300942913 /* EditPayScreenView.swift */ = {isa = PBXFileReference; lastKnownFileType = sourcecode.swift; path = EditPayScreenView.swift; sourceTree = "<group>"; };
		959B1B2F2C6B1B7B00942913 /* EditPayViewModel.swift */ = {isa = PBXFileReference; lastKnownFileType = sourcecode.swift; path = EditPayViewModel.swift; sourceTree = "<group>"; };
		959B1B312C6B1B8600942913 /* EditPayCoordinator.swift */ = {isa = PBXFileReference; lastKnownFileType = sourcecode.swift; path = EditPayCoordinator.swift; sourceTree = "<group>"; };
		959B1B342C6B1FBD00942913 /* PayListCoordinator.swift */ = {isa = PBXFileReference; lastKnownFileType = sourcecode.swift; path = PayListCoordinator.swift; sourceTree = "<group>"; };
		959B1B372C70733900942913 /* AlertView.swift */ = {isa = PBXFileReference; lastKnownFileType = sourcecode.swift; path = AlertView.swift; sourceTree = "<group>"; };
		959B1B392C7073BF00942913 /* AlertType.swift */ = {isa = PBXFileReference; lastKnownFileType = sourcecode.swift; path = AlertType.swift; sourceTree = "<group>"; };
		959B1B3B2C70770A00942913 /* SettingViewModel.swift */ = {isa = PBXFileReference; lastKnownFileType = sourcecode.swift; path = SettingViewModel.swift; sourceTree = "<group>"; };
		959B1B3D2C7077B000942913 /* SettingCoordinator.swift */ = {isa = PBXFileReference; lastKnownFileType = sourcecode.swift; path = SettingCoordinator.swift; sourceTree = "<group>"; };
		95A890BE2C5DA06D00959F79 /* CoupleWallet.app */ = {isa = PBXFileReference; explicitFileType = wrapper.application; includeInIndex = 0; path = CoupleWallet.app; sourceTree = BUILT_PRODUCTS_DIR; };
		95A890C12C5DA06D00959F79 /* AppDelegate.swift */ = {isa = PBXFileReference; lastKnownFileType = sourcecode.swift; path = AppDelegate.swift; sourceTree = "<group>"; };
		95A890C32C5DA06D00959F79 /* SceneDelegate.swift */ = {isa = PBXFileReference; lastKnownFileType = sourcecode.swift; path = SceneDelegate.swift; sourceTree = "<group>"; };
		95A890CA2C5DA06E00959F79 /* Assets.xcassets */ = {isa = PBXFileReference; lastKnownFileType = folder.assetcatalog; path = Assets.xcassets; sourceTree = "<group>"; };
		95A890CD2C5DA06E00959F79 /* Base */ = {isa = PBXFileReference; lastKnownFileType = file.storyboard; name = Base; path = Base.lproj/LaunchScreen.storyboard; sourceTree = "<group>"; };
		95A890CF2C5DA06E00959F79 /* Info.plist */ = {isa = PBXFileReference; lastKnownFileType = text.plist.xml; path = Info.plist; sourceTree = "<group>"; };
		95A890D42C5DA06F00959F79 /* CoupleWalletTests.xctest */ = {isa = PBXFileReference; explicitFileType = wrapper.cfbundle; includeInIndex = 0; path = CoupleWalletTests.xctest; sourceTree = BUILT_PRODUCTS_DIR; };
		95A890D82C5DA06F00959F79 /* CoupleWalletTests.swift */ = {isa = PBXFileReference; lastKnownFileType = sourcecode.swift; path = CoupleWalletTests.swift; sourceTree = "<group>"; };
		95A890DE2C5DA06F00959F79 /* CoupleWalletUITests.xctest */ = {isa = PBXFileReference; explicitFileType = wrapper.cfbundle; includeInIndex = 0; path = CoupleWalletUITests.xctest; sourceTree = BUILT_PRODUCTS_DIR; };
		95A890E22C5DA06F00959F79 /* CoupleWalletUITests.swift */ = {isa = PBXFileReference; lastKnownFileType = sourcecode.swift; path = CoupleWalletUITests.swift; sourceTree = "<group>"; };
		95A890E42C5DA06F00959F79 /* CoupleWalletUITestsLaunchTests.swift */ = {isa = PBXFileReference; lastKnownFileType = sourcecode.swift; path = CoupleWalletUITestsLaunchTests.swift; sourceTree = "<group>"; };
		95A890F12C5DA1B400959F79 /* AppCoordinator.swift */ = {isa = PBXFileReference; lastKnownFileType = sourcecode.swift; path = AppCoordinator.swift; sourceTree = "<group>"; };
		95A890F32C5DA26200959F79 /* Transitioner.swift */ = {isa = PBXFileReference; lastKnownFileType = sourcecode.swift; path = Transitioner.swift; sourceTree = "<group>"; };
		95A890F52C5DA2E600959F79 /* SignInScreenView.swift */ = {isa = PBXFileReference; lastKnownFileType = sourcecode.swift; path = SignInScreenView.swift; sourceTree = "<group>"; };
		95A890F82C5DA33000959F79 /* SignInCoordinator.swift */ = {isa = PBXFileReference; lastKnownFileType = sourcecode.swift; path = SignInCoordinator.swift; sourceTree = "<group>"; };
		95A891052C5DA8D600959F79 /* GoogleService-Info.plist */ = {isa = PBXFileReference; fileEncoding = 4; lastKnownFileType = text.plist.xml; path = "GoogleService-Info.plist"; sourceTree = "<group>"; };
		95A891072C5DAB0300959F79 /* SignInViewModel.swift */ = {isa = PBXFileReference; lastKnownFileType = sourcecode.swift; path = SignInViewModel.swift; sourceTree = "<group>"; };
		95A891732C5F549800959F79 /* TabScreenView.swift */ = {isa = PBXFileReference; lastKnownFileType = sourcecode.swift; path = TabScreenView.swift; sourceTree = "<group>"; };
		95A891752C5F54EC00959F79 /* TabViewModel.swift */ = {isa = PBXFileReference; lastKnownFileType = sourcecode.swift; path = TabViewModel.swift; sourceTree = "<group>"; };
		95A891782C5F565300959F79 /* PayCardScreenView.swift */ = {isa = PBXFileReference; lastKnownFileType = sourcecode.swift; path = PayCardScreenView.swift; sourceTree = "<group>"; };
		95A8917C2C5F56AA00959F79 /* PayListScreenView.swift */ = {isa = PBXFileReference; lastKnownFileType = sourcecode.swift; path = PayListScreenView.swift; sourceTree = "<group>"; };
		95A8917E2C5F56B400959F79 /* SettingScreenView.swift */ = {isa = PBXFileReference; lastKnownFileType = sourcecode.swift; path = SettingScreenView.swift; sourceTree = "<group>"; };
		95A891802C5F5A0700959F79 /* PayCardViewModel.swift */ = {isa = PBXFileReference; lastKnownFileType = sourcecode.swift; path = PayCardViewModel.swift; sourceTree = "<group>"; };
		95A891822C5F5CDF00959F79 /* AnyTransition+.swift */ = {isa = PBXFileReference; lastKnownFileType = sourcecode.swift; path = "AnyTransition+.swift"; sourceTree = "<group>"; };
		95A891852C5F5FB300959F79 /* TabCoordinator.swift */ = {isa = PBXFileReference; lastKnownFileType = sourcecode.swift; path = TabCoordinator.swift; sourceTree = "<group>"; };
		95A891882C66D99E00959F79 /* AddPayScreenView.swift */ = {isa = PBXFileReference; lastKnownFileType = sourcecode.swift; path = AddPayScreenView.swift; sourceTree = "<group>"; };
		95A8918A2C66D9AA00959F79 /* AddPayCoordinator.swift */ = {isa = PBXFileReference; lastKnownFileType = sourcecode.swift; path = AddPayCoordinator.swift; sourceTree = "<group>"; };
		95E0FBF12C8C0B48003EA7BE /* CustomTabBar.swift */ = {isa = PBXFileReference; lastKnownFileType = sourcecode.swift; path = CustomTabBar.swift; sourceTree = "<group>"; };
		95E0FBF62C8C156E003EA7BE /* TabType.swift */ = {isa = PBXFileReference; lastKnownFileType = sourcecode.swift; path = TabType.swift; sourceTree = "<group>"; };
		95F6D7062C7185EA0051E00B /* PayBalanceData.swift */ = {isa = PBXFileReference; lastKnownFileType = sourcecode.swift; path = PayBalanceData.swift; sourceTree = "<group>"; };
		95F6D7082C71BB950051E00B /* PriceFormatter.swift */ = {isa = PBXFileReference; lastKnownFileType = sourcecode.swift; path = PriceFormatter.swift; sourceTree = "<group>"; };
/* End PBXFileReference section */

/* Begin PBXFrameworksBuildPhase section */
		95A890BB2C5DA06D00959F79 /* Frameworks */ = {
			isa = PBXFrameworksBuildPhase;
			buildActionMask = 2147483647;
			files = (
				954A10E42CA7E2D9005D5E75 /* FirebaseAnalytics in Frameworks */,
				954A11362CB0E0F4005D5E75 /* FirebaseFunctions in Frameworks */,
				954A11342CB0E0F4005D5E75 /* FirebaseAuthCombine-Community in Frameworks */,
				954A10E62CA7E2D9005D5E75 /* FirebaseAuth in Frameworks */,
				955139EE2CB0E94F003DB4E3 /* GoogleMobileAds in Frameworks */,
				954A10E82CA7E2D9005D5E75 /* FirebaseDatabase in Frameworks */,
				954A10EA2CA7E2D9005D5E75 /* FirebaseFirestore in Frameworks */,
				95E0FBF52C8C126B003EA7BE /* Algorithms in Frameworks */,
			);
			runOnlyForDeploymentPostprocessing = 0;
		};
		95A890D12C5DA06F00959F79 /* Frameworks */ = {
			isa = PBXFrameworksBuildPhase;
			buildActionMask = 2147483647;
			files = (
			);
			runOnlyForDeploymentPostprocessing = 0;
		};
		95A890DB2C5DA06F00959F79 /* Frameworks */ = {
			isa = PBXFrameworksBuildPhase;
			buildActionMask = 2147483647;
			files = (
			);
			runOnlyForDeploymentPostprocessing = 0;
		};
/* End PBXFrameworksBuildPhase section */

/* Begin PBXGroup section */
		9527C8842C685225008DE420 /* Domain */ = {
			isa = PBXGroup;
			children = (
				959B1B292C6B11D200942913 /* Utils */,
				9527C8852C68522E008DE420 /* PayData.swift */,
				95F6D7062C7185EA0051E00B /* PayBalanceData.swift */,
			);
			path = Domain;
			sourceTree = "<group>";
		};
		9527C8892C687667008DE420 /* Manager */ = {
			isa = PBXGroup;
			children = (
				9527C88A2C68767D008DE420 /* FirebaseManager.swift */,
			);
			path = Manager;
			sourceTree = "<group>";
		};
		953DBDE02C951935007F8F80 /* Frameworks */ = {
			isa = PBXGroup;
			children = (
				953DBDE12C951935007F8F80 /* WidgetKit.framework */,
				953DBDE32C951936007F8F80 /* SwiftUI.framework */,
			);
			name = Frameworks;
			sourceTree = "<group>";
		};
		955139EF2CB112BD003DB4E3 /* Banner */ = {
			isa = PBXGroup;
			children = (
				955139F42CB11374003DB4E3 /* BannerContentView.swift */,
			);
			path = Banner;
			sourceTree = "<group>";
		};
		959B1B1C2C69D42700942913 /* Extension */ = {
			isa = PBXGroup;
			children = (
				959B1B1A2C69995700942913 /* Int+.swift */,
				9527C88D2C6877DC008DE420 /* String+.swift */,
				959B1B1F2C69D4D000942913 /* UserDefauls+.swift */,
				95A891842C5F5E2300959F79 /* SwiftUIExtension */,
			);
			path = Extension;
			sourceTree = "<group>";
		};
		959B1B212C69D5B300942913 /* Feature */ = {
			isa = PBXGroup;
			children = (
				955139EF2CB112BD003DB4E3 /* Banner */,
				959B1B222C69D60600942913 /* UserSetting */,
				95A8917A2C5F569800959F79 /* PayList */,
				95A891772C5F55B900959F79 /* PayCard */,
				95A891722C5F548800959F79 /* Tab */,
				95A890F72C5DA31900959F79 /* SignIn */,
				95A8917B2C5F569D00959F79 /* Setting */,
				95A891872C66D98400959F79 /* AddPay */,
				959B1B2C2C6B1B5600942913 /* EditPay */,
			);
			path = Feature;
			sourceTree = "<group>";
		};
		959B1B222C69D60600942913 /* UserSetting */ = {
			isa = PBXGroup;
			children = (
				959B1B232C69D65A00942913 /* UserSettingScreenView.swift */,
				959B1B252C69D66400942913 /* UserSettingViewModel.swift */,
				959B1B272C69D66F00942913 /* UserSettingCoordinator.swift */,
			);
			path = UserSetting;
			sourceTree = "<group>";
		};
		959B1B292C6B11D200942913 /* Utils */ = {
			isa = PBXGroup;
			children = (
				959B1B1D2C69D44700942913 /* DataStorable.swift */,
				95F6D7082C71BB950051E00B /* PriceFormatter.swift */,
				95E0FBF62C8C156E003EA7BE /* TabType.swift */,
				953CC26D2C958CE60026C5E9 /* CustomError.swift */,
			);
			path = Utils;
			sourceTree = "<group>";
		};
		959B1B2C2C6B1B5600942913 /* EditPay */ = {
			isa = PBXGroup;
			children = (
				959B1B2D2C6B1B7300942913 /* EditPayScreenView.swift */,
				959B1B2F2C6B1B7B00942913 /* EditPayViewModel.swift */,
				959B1B312C6B1B8600942913 /* EditPayCoordinator.swift */,
			);
			path = EditPay;
			sourceTree = "<group>";
		};
		959B1B362C70732200942913 /* SwiftUIComponents */ = {
			isa = PBXGroup;
			children = (
				959B1B2A2C6B11F400942913 /* LoadingView.swift */,
				959B1B372C70733900942913 /* AlertView.swift */,
				959B1B392C7073BF00942913 /* AlertType.swift */,
				95E0FBF12C8C0B48003EA7BE /* CustomTabBar.swift */,
			);
			path = SwiftUIComponents;
			sourceTree = "<group>";
		};
		95A890B52C5DA06D00959F79 = {
			isa = PBXGroup;
			children = (
				95A890C02C5DA06D00959F79 /* CoupleWallet */,
				95A890D72C5DA06F00959F79 /* CoupleWalletTests */,
				95A890E12C5DA06F00959F79 /* CoupleWalletUITests */,
				953DBDE02C951935007F8F80 /* Frameworks */,
				95A890BF2C5DA06D00959F79 /* Products */,
			);
			sourceTree = "<group>";
		};
		95A890BF2C5DA06D00959F79 /* Products */ = {
			isa = PBXGroup;
			children = (
				95A890BE2C5DA06D00959F79 /* CoupleWallet.app */,
				95A890D42C5DA06F00959F79 /* CoupleWalletTests.xctest */,
				95A890DE2C5DA06F00959F79 /* CoupleWalletUITests.xctest */,
			);
			name = Products;
			sourceTree = "<group>";
		};
		95A890C02C5DA06D00959F79 /* CoupleWallet */ = {
			isa = PBXGroup;
			children = (
				959B1B362C70732200942913 /* SwiftUIComponents */,
				959B1B212C69D5B300942913 /* Feature */,
				959B1B1C2C69D42700942913 /* Extension */,
				9527C8892C687667008DE420 /* Manager */,
				9527C8842C685225008DE420 /* Domain */,
				95A890C12C5DA06D00959F79 /* AppDelegate.swift */,
				95A890C32C5DA06D00959F79 /* SceneDelegate.swift */,
				95A890CA2C5DA06E00959F79 /* Assets.xcassets */,
				95A890F12C5DA1B400959F79 /* AppCoordinator.swift */,
				95A890CC2C5DA06E00959F79 /* LaunchScreen.storyboard */,
				95A890CF2C5DA06E00959F79 /* Info.plist */,
				95A891052C5DA8D600959F79 /* GoogleService-Info.plist */,
				95A890F32C5DA26200959F79 /* Transitioner.swift */,
			);
			path = CoupleWallet;
			sourceTree = "<group>";
		};
		95A890D72C5DA06F00959F79 /* CoupleWalletTests */ = {
			isa = PBXGroup;
			children = (
				95A890D82C5DA06F00959F79 /* CoupleWalletTests.swift */,
			);
			path = CoupleWalletTests;
			sourceTree = "<group>";
		};
		95A890E12C5DA06F00959F79 /* CoupleWalletUITests */ = {
			isa = PBXGroup;
			children = (
				95A890E22C5DA06F00959F79 /* CoupleWalletUITests.swift */,
				95A890E42C5DA06F00959F79 /* CoupleWalletUITestsLaunchTests.swift */,
			);
			path = CoupleWalletUITests;
			sourceTree = "<group>";
		};
		95A890F72C5DA31900959F79 /* SignIn */ = {
			isa = PBXGroup;
			children = (
				95A890F52C5DA2E600959F79 /* SignInScreenView.swift */,
				95A891072C5DAB0300959F79 /* SignInViewModel.swift */,
				95A890F82C5DA33000959F79 /* SignInCoordinator.swift */,
			);
			path = SignIn;
			sourceTree = "<group>";
		};
		95A891722C5F548800959F79 /* Tab */ = {
			isa = PBXGroup;
			children = (
				95A891732C5F549800959F79 /* TabScreenView.swift */,
				95A891752C5F54EC00959F79 /* TabViewModel.swift */,
				95A891852C5F5FB300959F79 /* TabCoordinator.swift */,
			);
			path = Tab;
			sourceTree = "<group>";
		};
		95A891772C5F55B900959F79 /* PayCard */ = {
			isa = PBXGroup;
			children = (
				95A891782C5F565300959F79 /* PayCardScreenView.swift */,
				95A891802C5F5A0700959F79 /* PayCardViewModel.swift */,
				9527C8802C68451F008DE420 /* PayCardCoordinator.swift */,
			);
			path = PayCard;
			sourceTree = "<group>";
		};
		95A8917A2C5F569800959F79 /* PayList */ = {
			isa = PBXGroup;
			children = (
				95A8917C2C5F56AA00959F79 /* PayListScreenView.swift */,
				9527C8822C6851E6008DE420 /* PayListViewModel.swift */,
				959B1B342C6B1FBD00942913 /* PayListCoordinator.swift */,
			);
			path = PayList;
			sourceTree = "<group>";
		};
		95A8917B2C5F569D00959F79 /* Setting */ = {
			isa = PBXGroup;
			children = (
				95A8917E2C5F56B400959F79 /* SettingScreenView.swift */,
				959B1B3B2C70770A00942913 /* SettingViewModel.swift */,
				959B1B3D2C7077B000942913 /* SettingCoordinator.swift */,
			);
			path = Setting;
			sourceTree = "<group>";
		};
		95A891842C5F5E2300959F79 /* SwiftUIExtension */ = {
			isa = PBXGroup;
			children = (
				95A891822C5F5CDF00959F79 /* AnyTransition+.swift */,
			);
			path = SwiftUIExtension;
			sourceTree = "<group>";
		};
		95A891872C66D98400959F79 /* AddPay */ = {
			isa = PBXGroup;
			children = (
				95A891882C66D99E00959F79 /* AddPayScreenView.swift */,
				95A8918A2C66D9AA00959F79 /* AddPayCoordinator.swift */,
				9527C8872C686C56008DE420 /* AddPayViewModel.swift */,
			);
			path = AddPay;
			sourceTree = "<group>";
		};
/* End PBXGroup section */

/* Begin PBXNativeTarget section */
		95A890BD2C5DA06D00959F79 /* CoupleWallet */ = {
			isa = PBXNativeTarget;
			buildConfigurationList = 95A890E82C5DA06F00959F79 /* Build configuration list for PBXNativeTarget "CoupleWallet" */;
			buildPhases = (
				95A890BA2C5DA06D00959F79 /* Sources */,
				95A890BB2C5DA06D00959F79 /* Frameworks */,
				95A890BC2C5DA06D00959F79 /* Resources */,
				953DBDF32C951938007F8F80 /* Embed Foundation Extensions */,
			);
			buildRules = (
			);
			dependencies = (
			);
			name = CoupleWallet;
			packageProductDependencies = (
				95E0FBF42C8C126B003EA7BE /* Algorithms */,
				954A10E32CA7E2D9005D5E75 /* FirebaseAnalytics */,
				954A10E52CA7E2D9005D5E75 /* FirebaseAuth */,
				954A10E72CA7E2D9005D5E75 /* FirebaseDatabase */,
				954A10E92CA7E2D9005D5E75 /* FirebaseFirestore */,
				954A11332CB0E0F4005D5E75 /* FirebaseAuthCombine-Community */,
				954A11352CB0E0F4005D5E75 /* FirebaseFunctions */,
				955139ED2CB0E94F003DB4E3 /* GoogleMobileAds */,
			);
			productName = CoupleWallet;
			productReference = 95A890BE2C5DA06D00959F79 /* CoupleWallet.app */;
			productType = "com.apple.product-type.application";
		};
		95A890D32C5DA06F00959F79 /* CoupleWalletTests */ = {
			isa = PBXNativeTarget;
			buildConfigurationList = 95A890EB2C5DA06F00959F79 /* Build configuration list for PBXNativeTarget "CoupleWalletTests" */;
			buildPhases = (
				95A890D02C5DA06F00959F79 /* Sources */,
				95A890D12C5DA06F00959F79 /* Frameworks */,
				95A890D22C5DA06F00959F79 /* Resources */,
			);
			buildRules = (
			);
			dependencies = (
				95A890D62C5DA06F00959F79 /* PBXTargetDependency */,
			);
			name = CoupleWalletTests;
			productName = CoupleWalletTests;
			productReference = 95A890D42C5DA06F00959F79 /* CoupleWalletTests.xctest */;
			productType = "com.apple.product-type.bundle.unit-test";
		};
		95A890DD2C5DA06F00959F79 /* CoupleWalletUITests */ = {
			isa = PBXNativeTarget;
			buildConfigurationList = 95A890EE2C5DA06F00959F79 /* Build configuration list for PBXNativeTarget "CoupleWalletUITests" */;
			buildPhases = (
				95A890DA2C5DA06F00959F79 /* Sources */,
				95A890DB2C5DA06F00959F79 /* Frameworks */,
				95A890DC2C5DA06F00959F79 /* Resources */,
			);
			buildRules = (
			);
			dependencies = (
				95A890E02C5DA06F00959F79 /* PBXTargetDependency */,
			);
			name = CoupleWalletUITests;
			productName = CoupleWalletUITests;
			productReference = 95A890DE2C5DA06F00959F79 /* CoupleWalletUITests.xctest */;
			productType = "com.apple.product-type.bundle.ui-testing";
		};
/* End PBXNativeTarget section */

/* Begin PBXProject section */
		95A890B62C5DA06D00959F79 /* Project object */ = {
			isa = PBXProject;
			attributes = {
				BuildIndependentTargetsInParallel = 1;
				LastSwiftUpdateCheck = 1600;
				LastUpgradeCheck = 1540;
				TargetAttributes = {
					95A890BD2C5DA06D00959F79 = {
						CreatedOnToolsVersion = 15.4;
					};
					95A890D32C5DA06F00959F79 = {
						CreatedOnToolsVersion = 15.4;
						TestTargetID = 95A890BD2C5DA06D00959F79;
					};
					95A890DD2C5DA06F00959F79 = {
						CreatedOnToolsVersion = 15.4;
						TestTargetID = 95A890BD2C5DA06D00959F79;
					};
				};
			};
			buildConfigurationList = 95A890B92C5DA06D00959F79 /* Build configuration list for PBXProject "CoupleWallet" */;
			compatibilityVersion = "Xcode 14.0";
			developmentRegion = en;
			hasScannedForEncodings = 0;
			knownRegions = (
				en,
				Base,
			);
			mainGroup = 95A890B52C5DA06D00959F79;
			packageReferences = (
				95E0FBF32C8C126B003EA7BE /* XCRemoteSwiftPackageReference "swift-algorithms" */,
				954A10E22CA7E2D9005D5E75 /* XCRemoteSwiftPackageReference "firebase-ios-sdk" */,
				955139EC2CB0E94F003DB4E3 /* XCRemoteSwiftPackageReference "swift-package-manager-google-mobile-ads" */,
			);
			productRefGroup = 95A890BF2C5DA06D00959F79 /* Products */;
			projectDirPath = "";
			projectRoot = "";
			targets = (
				95A890BD2C5DA06D00959F79 /* CoupleWallet */,
				95A890D32C5DA06F00959F79 /* CoupleWalletTests */,
				95A890DD2C5DA06F00959F79 /* CoupleWalletUITests */,
			);
		};
/* End PBXProject section */

/* Begin PBXResourcesBuildPhase section */
		95A890BC2C5DA06D00959F79 /* Resources */ = {
			isa = PBXResourcesBuildPhase;
			buildActionMask = 2147483647;
			files = (
				95A890CB2C5DA06E00959F79 /* Assets.xcassets in Resources */,
				95A890CE2C5DA06E00959F79 /* Base in Resources */,
				95A891062C5DA8D600959F79 /* GoogleService-Info.plist in Resources */,
			);
			runOnlyForDeploymentPostprocessing = 0;
		};
		95A890D22C5DA06F00959F79 /* Resources */ = {
			isa = PBXResourcesBuildPhase;
			buildActionMask = 2147483647;
			files = (
			);
			runOnlyForDeploymentPostprocessing = 0;
		};
		95A890DC2C5DA06F00959F79 /* Resources */ = {
			isa = PBXResourcesBuildPhase;
			buildActionMask = 2147483647;
			files = (
			);
			runOnlyForDeploymentPostprocessing = 0;
		};
/* End PBXResourcesBuildPhase section */

/* Begin PBXSourcesBuildPhase section */
		95A890BA2C5DA06D00959F79 /* Sources */ = {
			isa = PBXSourcesBuildPhase;
			buildActionMask = 2147483647;
			files = (
				95A890F92C5DA33000959F79 /* SignInCoordinator.swift in Sources */,
				95A890F22C5DA1B400959F79 /* AppCoordinator.swift in Sources */,
				95A891812C5F5A0700959F79 /* PayCardViewModel.swift in Sources */,
				95A891832C5F5CDF00959F79 /* AnyTransition+.swift in Sources */,
				95A890F62C5DA2E600959F79 /* SignInScreenView.swift in Sources */,
				953CC26E2C958CE60026C5E9 /* CustomError.swift in Sources */,
				95A8917F2C5F56B400959F79 /* SettingScreenView.swift in Sources */,
				959B1B322C6B1B8600942913 /* EditPayCoordinator.swift in Sources */,
				959B1B262C69D66400942913 /* UserSettingViewModel.swift in Sources */,
				95A891082C5DAB0300959F79 /* SignInViewModel.swift in Sources */,
				95A891762C5F54EC00959F79 /* TabViewModel.swift in Sources */,
				959B1B3C2C70770A00942913 /* SettingViewModel.swift in Sources */,
				959B1B2E2C6B1B7300942913 /* EditPayScreenView.swift in Sources */,
				95A891792C5F565300959F79 /* PayCardScreenView.swift in Sources */,
				95A890C22C5DA06D00959F79 /* AppDelegate.swift in Sources */,
				9527C8862C68522E008DE420 /* PayData.swift in Sources */,
				959B1B302C6B1B7B00942913 /* EditPayViewModel.swift in Sources */,
				959B1B1B2C69995700942913 /* Int+.swift in Sources */,
				95A891862C5F5FB300959F79 /* TabCoordinator.swift in Sources */,
				95A891742C5F549800959F79 /* TabScreenView.swift in Sources */,
				95A8917D2C5F56AA00959F79 /* PayListScreenView.swift in Sources */,
				959B1B202C69D4D000942913 /* UserDefauls+.swift in Sources */,
				959B1B282C69D66F00942913 /* UserSettingCoordinator.swift in Sources */,
				95F6D7092C71BB950051E00B /* PriceFormatter.swift in Sources */,
				95F6D7072C7185EA0051E00B /* PayBalanceData.swift in Sources */,
				9527C8812C68451F008DE420 /* PayCardCoordinator.swift in Sources */,
				959B1B1E2C69D44700942913 /* DataStorable.swift in Sources */,
				95A8918B2C66D9AA00959F79 /* AddPayCoordinator.swift in Sources */,
				959B1B242C69D65A00942913 /* UserSettingScreenView.swift in Sources */,
				9527C8832C6851E6008DE420 /* PayListViewModel.swift in Sources */,
				959B1B3E2C7077B000942913 /* SettingCoordinator.swift in Sources */,
				9527C8882C686C56008DE420 /* AddPayViewModel.swift in Sources */,
				955139F52CB11379003DB4E3 /* BannerContentView.swift in Sources */,
				959B1B352C6B1FBD00942913 /* PayListCoordinator.swift in Sources */,
				95A890F42C5DA26200959F79 /* Transitioner.swift in Sources */,
				95A890C42C5DA06D00959F79 /* SceneDelegate.swift in Sources */,
				959B1B382C70733900942913 /* AlertView.swift in Sources */,
				9527C88E2C6877DC008DE420 /* String+.swift in Sources */,
				959B1B3A2C7073BF00942913 /* AlertType.swift in Sources */,
				95A891892C66D99E00959F79 /* AddPayScreenView.swift in Sources */,
				959B1B2B2C6B11F400942913 /* LoadingView.swift in Sources */,
				9527C88B2C68767D008DE420 /* FirebaseManager.swift in Sources */,
				95E0FBF22C8C0B48003EA7BE /* CustomTabBar.swift in Sources */,
				95E0FBF72C8C156E003EA7BE /* TabType.swift in Sources */,
			);
			runOnlyForDeploymentPostprocessing = 0;
		};
		95A890D02C5DA06F00959F79 /* Sources */ = {
			isa = PBXSourcesBuildPhase;
			buildActionMask = 2147483647;
			files = (
				95A890D92C5DA06F00959F79 /* CoupleWalletTests.swift in Sources */,
			);
			runOnlyForDeploymentPostprocessing = 0;
		};
		95A890DA2C5DA06F00959F79 /* Sources */ = {
			isa = PBXSourcesBuildPhase;
			buildActionMask = 2147483647;
			files = (
				95A890E32C5DA06F00959F79 /* CoupleWalletUITests.swift in Sources */,
				95A890E52C5DA06F00959F79 /* CoupleWalletUITestsLaunchTests.swift in Sources */,
			);
			runOnlyForDeploymentPostprocessing = 0;
		};
/* End PBXSourcesBuildPhase section */

/* Begin PBXTargetDependency section */
		95A890D62C5DA06F00959F79 /* PBXTargetDependency */ = {
			isa = PBXTargetDependency;
			target = 95A890BD2C5DA06D00959F79 /* CoupleWallet */;
			targetProxy = 95A890D52C5DA06F00959F79 /* PBXContainerItemProxy */;
		};
		95A890E02C5DA06F00959F79 /* PBXTargetDependency */ = {
			isa = PBXTargetDependency;
			target = 95A890BD2C5DA06D00959F79 /* CoupleWallet */;
			targetProxy = 95A890DF2C5DA06F00959F79 /* PBXContainerItemProxy */;
		};
/* End PBXTargetDependency section */

/* Begin PBXVariantGroup section */
		95A890CC2C5DA06E00959F79 /* LaunchScreen.storyboard */ = {
			isa = PBXVariantGroup;
			children = (
				95A890CD2C5DA06E00959F79 /* Base */,
			);
			name = LaunchScreen.storyboard;
			sourceTree = "<group>";
		};
/* End PBXVariantGroup section */

/* Begin XCBuildConfiguration section */
		95A890E62C5DA06F00959F79 /* Debug */ = {
			isa = XCBuildConfiguration;
			buildSettings = {
				ADMOB_APP_ID = "ca-app-pub-8780139395251725~6580924721";
				ADMOB_SETTING_VIEW_BANNER_AD_UNIT_ID = "ca-app-pub-3940256099942544/2435281174";
				ALWAYS_SEARCH_USER_PATHS = NO;
				ASSETCATALOG_COMPILER_GENERATE_SWIFT_ASSET_SYMBOL_EXTENSIONS = YES;
				CLANG_ALLOW_NON_MODULAR_INCLUDES_IN_FRAMEWORK_MODULES = NO;
				CLANG_ANALYZER_NONNULL = YES;
				CLANG_ANALYZER_NUMBER_OBJECT_CONVERSION = YES_AGGRESSIVE;
				CLANG_CXX_LANGUAGE_STANDARD = "gnu++20";
				CLANG_ENABLE_MODULES = YES;
				CLANG_ENABLE_OBJC_ARC = YES;
				CLANG_ENABLE_OBJC_WEAK = YES;
				CLANG_WARN_BLOCK_CAPTURE_AUTORELEASING = YES;
				CLANG_WARN_BOOL_CONVERSION = YES;
				CLANG_WARN_COMMA = YES;
				CLANG_WARN_CONSTANT_CONVERSION = YES;
				CLANG_WARN_DEPRECATED_OBJC_IMPLEMENTATIONS = YES;
				CLANG_WARN_DIRECT_OBJC_ISA_USAGE = YES_ERROR;
				CLANG_WARN_DOCUMENTATION_COMMENTS = YES;
				CLANG_WARN_EMPTY_BODY = YES;
				CLANG_WARN_ENUM_CONVERSION = YES;
				CLANG_WARN_INFINITE_RECURSION = YES;
				CLANG_WARN_INT_CONVERSION = YES;
				CLANG_WARN_NON_LITERAL_NULL_CONVERSION = YES;
				CLANG_WARN_OBJC_IMPLICIT_RETAIN_SELF = YES;
				CLANG_WARN_OBJC_LITERAL_CONVERSION = YES;
				CLANG_WARN_OBJC_ROOT_CLASS = YES_ERROR;
				CLANG_WARN_QUOTED_INCLUDE_IN_FRAMEWORK_HEADER = YES;
				CLANG_WARN_RANGE_LOOP_ANALYSIS = YES;
				CLANG_WARN_STRICT_PROTOTYPES = YES;
				CLANG_WARN_SUSPICIOUS_MOVE = YES;
				CLANG_WARN_UNGUARDED_AVAILABILITY = YES_AGGRESSIVE;
				CLANG_WARN_UNREACHABLE_CODE = YES;
				CLANG_WARN__DUPLICATE_METHOD_MATCH = YES;
				COPY_PHASE_STRIP = NO;
				DEBUG_INFORMATION_FORMAT = dwarf;
				ENABLE_STRICT_OBJC_MSGSEND = YES;
				ENABLE_TESTABILITY = YES;
				ENABLE_USER_SCRIPT_SANDBOXING = YES;
				GCC_C_LANGUAGE_STANDARD = gnu17;
				GCC_DYNAMIC_NO_PIC = NO;
				GCC_NO_COMMON_BLOCKS = YES;
				GCC_OPTIMIZATION_LEVEL = 0;
				GCC_PREPROCESSOR_DEFINITIONS = (
					"DEBUG=1",
					"$(inherited)",
				);
				GCC_WARN_64_TO_32_BIT_CONVERSION = YES;
				GCC_WARN_ABOUT_RETURN_TYPE = YES_ERROR;
				GCC_WARN_UNDECLARED_SELECTOR = YES;
				GCC_WARN_UNINITIALIZED_AUTOS = YES_AGGRESSIVE;
				GCC_WARN_UNUSED_FUNCTION = YES;
				GCC_WARN_UNUSED_VARIABLE = YES;
				IPHONEOS_DEPLOYMENT_TARGET = 17.0;
				LOCALIZATION_PREFERS_STRING_CATALOGS = YES;
				MTL_ENABLE_DEBUG_INFO = INCLUDE_SOURCE;
				MTL_FAST_MATH = YES;
				ONLY_ACTIVE_ARCH = YES;
				SDKROOT = iphoneos;
				SWIFT_ACTIVE_COMPILATION_CONDITIONS = "DEBUG $(inherited)";
				SWIFT_OPTIMIZATION_LEVEL = "-Onone";
			};
			name = Debug;
		};
		95A890E72C5DA06F00959F79 /* Release */ = {
			isa = XCBuildConfiguration;
			buildSettings = {
				ADMOB_APP_ID = "ca-app-pub-8780139395251725~6580924710";
				ADMOB_SETTING_VIEW_BANNER_AD_UNIT_ID = "ca-app-pub-8780139395251725/1458855311";
				ALWAYS_SEARCH_USER_PATHS = NO;
				ASSETCATALOG_COMPILER_GENERATE_SWIFT_ASSET_SYMBOL_EXTENSIONS = YES;
				CLANG_ALLOW_NON_MODULAR_INCLUDES_IN_FRAMEWORK_MODULES = NO;
				CLANG_ANALYZER_NONNULL = YES;
				CLANG_ANALYZER_NUMBER_OBJECT_CONVERSION = YES_AGGRESSIVE;
				CLANG_CXX_LANGUAGE_STANDARD = "gnu++20";
				CLANG_ENABLE_MODULES = YES;
				CLANG_ENABLE_OBJC_ARC = YES;
				CLANG_ENABLE_OBJC_WEAK = YES;
				CLANG_WARN_BLOCK_CAPTURE_AUTORELEASING = YES;
				CLANG_WARN_BOOL_CONVERSION = YES;
				CLANG_WARN_COMMA = YES;
				CLANG_WARN_CONSTANT_CONVERSION = YES;
				CLANG_WARN_DEPRECATED_OBJC_IMPLEMENTATIONS = YES;
				CLANG_WARN_DIRECT_OBJC_ISA_USAGE = YES_ERROR;
				CLANG_WARN_DOCUMENTATION_COMMENTS = YES;
				CLANG_WARN_EMPTY_BODY = YES;
				CLANG_WARN_ENUM_CONVERSION = YES;
				CLANG_WARN_INFINITE_RECURSION = YES;
				CLANG_WARN_INT_CONVERSION = YES;
				CLANG_WARN_NON_LITERAL_NULL_CONVERSION = YES;
				CLANG_WARN_OBJC_IMPLICIT_RETAIN_SELF = YES;
				CLANG_WARN_OBJC_LITERAL_CONVERSION = YES;
				CLANG_WARN_OBJC_ROOT_CLASS = YES_ERROR;
				CLANG_WARN_QUOTED_INCLUDE_IN_FRAMEWORK_HEADER = YES;
				CLANG_WARN_RANGE_LOOP_ANALYSIS = YES;
				CLANG_WARN_STRICT_PROTOTYPES = YES;
				CLANG_WARN_SUSPICIOUS_MOVE = YES;
				CLANG_WARN_UNGUARDED_AVAILABILITY = YES_AGGRESSIVE;
				CLANG_WARN_UNREACHABLE_CODE = YES;
				CLANG_WARN__DUPLICATE_METHOD_MATCH = YES;
				COPY_PHASE_STRIP = NO;
				DEBUG_INFORMATION_FORMAT = "dwarf-with-dsym";
				ENABLE_NS_ASSERTIONS = NO;
				ENABLE_STRICT_OBJC_MSGSEND = YES;
				ENABLE_USER_SCRIPT_SANDBOXING = YES;
				GCC_C_LANGUAGE_STANDARD = gnu17;
				GCC_NO_COMMON_BLOCKS = YES;
				GCC_WARN_64_TO_32_BIT_CONVERSION = YES;
				GCC_WARN_ABOUT_RETURN_TYPE = YES_ERROR;
				GCC_WARN_UNDECLARED_SELECTOR = YES;
				GCC_WARN_UNINITIALIZED_AUTOS = YES_AGGRESSIVE;
				GCC_WARN_UNUSED_FUNCTION = YES;
				GCC_WARN_UNUSED_VARIABLE = YES;
				IPHONEOS_DEPLOYMENT_TARGET = 17.0;
				LOCALIZATION_PREFERS_STRING_CATALOGS = YES;
				MTL_ENABLE_DEBUG_INFO = NO;
				MTL_FAST_MATH = YES;
				SDKROOT = iphoneos;
				SWIFT_COMPILATION_MODE = wholemodule;
				VALIDATE_PRODUCT = YES;
			};
			name = Release;
		};
		95A890E92C5DA06F00959F79 /* Debug */ = {
			isa = XCBuildConfiguration;
			buildSettings = {
				ASSETCATALOG_COMPILER_APPICON_NAME = AppIcon;
				ASSETCATALOG_COMPILER_GLOBAL_ACCENT_COLOR_NAME = AccentColor;
				CODE_SIGN_ENTITLEMENTS = CoupleWallet/CoupleWallet.entitlements;
				CODE_SIGN_STYLE = Automatic;
				CURRENT_PROJECT_VERSION = 1;
				DEVELOPMENT_TEAM = 7X9S244452;
				GENERATE_INFOPLIST_FILE = YES;
				INFOPLIST_FILE = CoupleWallet/Info.plist;
				INFOPLIST_KEY_UIApplicationSupportsIndirectInputEvents = YES;
				INFOPLIST_KEY_UILaunchStoryboardName = LaunchScreen;
				INFOPLIST_KEY_UISupportedInterfaceOrientations_iPad = "UIInterfaceOrientationPortrait UIInterfaceOrientationPortraitUpsideDown UIInterfaceOrientationLandscapeLeft UIInterfaceOrientationLandscapeRight";
				INFOPLIST_KEY_UISupportedInterfaceOrientations_iPhone = "UIInterfaceOrientationPortrait UIInterfaceOrientationLandscapeLeft UIInterfaceOrientationLandscapeRight";
				LD_RUNPATH_SEARCH_PATHS = (
					"$(inherited)",
					"@executable_path/Frameworks",
				);
				MARKETING_VERSION = 1.0;
				PRODUCT_BUNDLE_IDENTIFIER = com.mkondo.CoupleWallet;
				PRODUCT_NAME = "$(TARGET_NAME)";
				SWIFT_EMIT_LOC_STRINGS = YES;
				SWIFT_VERSION = 5.0;
				TARGETED_DEVICE_FAMILY = "1,2";
			};
			name = Debug;
		};
		95A890EA2C5DA06F00959F79 /* Release */ = {
			isa = XCBuildConfiguration;
			buildSettings = {
				ASSETCATALOG_COMPILER_APPICON_NAME = AppIcon;
				ASSETCATALOG_COMPILER_GLOBAL_ACCENT_COLOR_NAME = AccentColor;
				CODE_SIGN_ENTITLEMENTS = CoupleWallet/CoupleWallet.entitlements;
				CODE_SIGN_STYLE = Automatic;
				CURRENT_PROJECT_VERSION = 1;
				DEVELOPMENT_TEAM = 7X9S244452;
				GENERATE_INFOPLIST_FILE = YES;
				INFOPLIST_FILE = CoupleWallet/Info.plist;
				INFOPLIST_KEY_UIApplicationSupportsIndirectInputEvents = YES;
				INFOPLIST_KEY_UILaunchStoryboardName = LaunchScreen;
				INFOPLIST_KEY_UISupportedInterfaceOrientations_iPad = "UIInterfaceOrientationPortrait UIInterfaceOrientationPortraitUpsideDown UIInterfaceOrientationLandscapeLeft UIInterfaceOrientationLandscapeRight";
				INFOPLIST_KEY_UISupportedInterfaceOrientations_iPhone = "UIInterfaceOrientationPortrait UIInterfaceOrientationLandscapeLeft UIInterfaceOrientationLandscapeRight";
				LD_RUNPATH_SEARCH_PATHS = (
					"$(inherited)",
					"@executable_path/Frameworks",
				);
				MARKETING_VERSION = 1.0;
				PRODUCT_BUNDLE_IDENTIFIER = com.mkondo.CoupleWallet;
				PRODUCT_NAME = "$(TARGET_NAME)";
				SWIFT_EMIT_LOC_STRINGS = YES;
				SWIFT_VERSION = 5.0;
				TARGETED_DEVICE_FAMILY = "1,2";
			};
			name = Release;
		};
		95A890EC2C5DA06F00959F79 /* Debug */ = {
			isa = XCBuildConfiguration;
			buildSettings = {
				BUNDLE_LOADER = "$(TEST_HOST)";
				CODE_SIGN_STYLE = Automatic;
				CURRENT_PROJECT_VERSION = 1;
				DEVELOPMENT_TEAM = 7X9S244452;
				GENERATE_INFOPLIST_FILE = YES;
				IPHONEOS_DEPLOYMENT_TARGET = 17.5;
				MARKETING_VERSION = 1.0;
				PRODUCT_BUNDLE_IDENTIFIER = com.mkondo.CoupleWalletTests;
				PRODUCT_NAME = "$(TARGET_NAME)";
				SWIFT_EMIT_LOC_STRINGS = NO;
				SWIFT_VERSION = 5.0;
				TARGETED_DEVICE_FAMILY = "1,2";
				TEST_HOST = "$(BUILT_PRODUCTS_DIR)/CoupleWallet.app/$(BUNDLE_EXECUTABLE_FOLDER_PATH)/CoupleWallet";
			};
			name = Debug;
		};
		95A890ED2C5DA06F00959F79 /* Release */ = {
			isa = XCBuildConfiguration;
			buildSettings = {
				BUNDLE_LOADER = "$(TEST_HOST)";
				CODE_SIGN_STYLE = Automatic;
				CURRENT_PROJECT_VERSION = 1;
				DEVELOPMENT_TEAM = 7X9S244452;
				GENERATE_INFOPLIST_FILE = YES;
				IPHONEOS_DEPLOYMENT_TARGET = 17.5;
				MARKETING_VERSION = 1.0;
				PRODUCT_BUNDLE_IDENTIFIER = com.mkondo.CoupleWalletTests;
				PRODUCT_NAME = "$(TARGET_NAME)";
				SWIFT_EMIT_LOC_STRINGS = NO;
				SWIFT_VERSION = 5.0;
				TARGETED_DEVICE_FAMILY = "1,2";
				TEST_HOST = "$(BUILT_PRODUCTS_DIR)/CoupleWallet.app/$(BUNDLE_EXECUTABLE_FOLDER_PATH)/CoupleWallet";
			};
			name = Release;
		};
		95A890EF2C5DA06F00959F79 /* Debug */ = {
			isa = XCBuildConfiguration;
			buildSettings = {
				CODE_SIGN_STYLE = Automatic;
				CURRENT_PROJECT_VERSION = 1;
				DEVELOPMENT_TEAM = 7X9S244452;
				GENERATE_INFOPLIST_FILE = YES;
				IPHONEOS_DEPLOYMENT_TARGET = 17.0;
				MARKETING_VERSION = 1.0;
				PRODUCT_BUNDLE_IDENTIFIER = com.mkondo.CoupleWalletUITests;
				PRODUCT_NAME = "$(TARGET_NAME)";
				SWIFT_EMIT_LOC_STRINGS = NO;
				SWIFT_VERSION = 5.0;
				TARGETED_DEVICE_FAMILY = "1,2";
				TEST_TARGET_NAME = CoupleWallet;
			};
			name = Debug;
		};
		95A890F02C5DA06F00959F79 /* Release */ = {
			isa = XCBuildConfiguration;
			buildSettings = {
				CODE_SIGN_STYLE = Automatic;
				CURRENT_PROJECT_VERSION = 1;
				DEVELOPMENT_TEAM = 7X9S244452;
				GENERATE_INFOPLIST_FILE = YES;
				IPHONEOS_DEPLOYMENT_TARGET = 17.0;
				MARKETING_VERSION = 1.0;
				PRODUCT_BUNDLE_IDENTIFIER = com.mkondo.CoupleWalletUITests;
				PRODUCT_NAME = "$(TARGET_NAME)";
				SWIFT_EMIT_LOC_STRINGS = NO;
				SWIFT_VERSION = 5.0;
				TARGETED_DEVICE_FAMILY = "1,2";
				TEST_TARGET_NAME = CoupleWallet;
			};
			name = Release;
		};
/* End XCBuildConfiguration section */

/* Begin XCConfigurationList section */
		95A890B92C5DA06D00959F79 /* Build configuration list for PBXProject "CoupleWallet" */ = {
			isa = XCConfigurationList;
			buildConfigurations = (
				95A890E62C5DA06F00959F79 /* Debug */,
				95A890E72C5DA06F00959F79 /* Release */,
			);
			defaultConfigurationIsVisible = 0;
			defaultConfigurationName = Release;
		};
		95A890E82C5DA06F00959F79 /* Build configuration list for PBXNativeTarget "CoupleWallet" */ = {
			isa = XCConfigurationList;
			buildConfigurations = (
				95A890E92C5DA06F00959F79 /* Debug */,
				95A890EA2C5DA06F00959F79 /* Release */,
			);
			defaultConfigurationIsVisible = 0;
			defaultConfigurationName = Release;
		};
		95A890EB2C5DA06F00959F79 /* Build configuration list for PBXNativeTarget "CoupleWalletTests" */ = {
			isa = XCConfigurationList;
			buildConfigurations = (
				95A890EC2C5DA06F00959F79 /* Debug */,
				95A890ED2C5DA06F00959F79 /* Release */,
			);
			defaultConfigurationIsVisible = 0;
			defaultConfigurationName = Release;
		};
		95A890EE2C5DA06F00959F79 /* Build configuration list for PBXNativeTarget "CoupleWalletUITests" */ = {
			isa = XCConfigurationList;
			buildConfigurations = (
				95A890EF2C5DA06F00959F79 /* Debug */,
				95A890F02C5DA06F00959F79 /* Release */,
			);
			defaultConfigurationIsVisible = 0;
			defaultConfigurationName = Release;
		};
/* End XCConfigurationList section */

/* Begin XCRemoteSwiftPackageReference section */
		954A10E22CA7E2D9005D5E75 /* XCRemoteSwiftPackageReference "firebase-ios-sdk" */ = {
			isa = XCRemoteSwiftPackageReference;
			repositoryURL = "https://github.com/firebase/firebase-ios-sdk.git";
			requirement = {
				kind = upToNextMajorVersion;
				minimumVersion = 11.2.0;
			};
		};
		955139EC2CB0E94F003DB4E3 /* XCRemoteSwiftPackageReference "swift-package-manager-google-mobile-ads" */ = {
			isa = XCRemoteSwiftPackageReference;
			repositoryURL = "https://github.com/googleads/swift-package-manager-google-mobile-ads.git";
			requirement = {
				kind = upToNextMajorVersion;
				minimumVersion = 11.10.0;
			};
		};
		95E0FBF32C8C126B003EA7BE /* XCRemoteSwiftPackageReference "swift-algorithms" */ = {
			isa = XCRemoteSwiftPackageReference;
			repositoryURL = "https://github.com/apple/swift-algorithms.git";
			requirement = {
				kind = upToNextMajorVersion;
				minimumVersion = 1.2.0;
			};
		};
/* End XCRemoteSwiftPackageReference section */

/* Begin XCSwiftPackageProductDependency section */
		954A10E32CA7E2D9005D5E75 /* FirebaseAnalytics */ = {
			isa = XCSwiftPackageProductDependency;
			package = 954A10E22CA7E2D9005D5E75 /* XCRemoteSwiftPackageReference "firebase-ios-sdk" */;
			productName = FirebaseAnalytics;
		};
		954A10E52CA7E2D9005D5E75 /* FirebaseAuth */ = {
			isa = XCSwiftPackageProductDependency;
			package = 954A10E22CA7E2D9005D5E75 /* XCRemoteSwiftPackageReference "firebase-ios-sdk" */;
			productName = FirebaseAuth;
		};
		954A10E72CA7E2D9005D5E75 /* FirebaseDatabase */ = {
			isa = XCSwiftPackageProductDependency;
			package = 954A10E22CA7E2D9005D5E75 /* XCRemoteSwiftPackageReference "firebase-ios-sdk" */;
			productName = FirebaseDatabase;
		};
		954A10E92CA7E2D9005D5E75 /* FirebaseFirestore */ = {
			isa = XCSwiftPackageProductDependency;
			package = 954A10E22CA7E2D9005D5E75 /* XCRemoteSwiftPackageReference "firebase-ios-sdk" */;
			productName = FirebaseFirestore;
		};
		954A11332CB0E0F4005D5E75 /* FirebaseAuthCombine-Community */ = {
			isa = XCSwiftPackageProductDependency;
			package = 954A10E22CA7E2D9005D5E75 /* XCRemoteSwiftPackageReference "firebase-ios-sdk" */;
			productName = "FirebaseAuthCombine-Community";
		};
		954A11352CB0E0F4005D5E75 /* FirebaseFunctions */ = {
			isa = XCSwiftPackageProductDependency;
			package = 954A10E22CA7E2D9005D5E75 /* XCRemoteSwiftPackageReference "firebase-ios-sdk" */;
			productName = FirebaseFunctions;
		};
		955139ED2CB0E94F003DB4E3 /* GoogleMobileAds */ = {
			isa = XCSwiftPackageProductDependency;
			package = 955139EC2CB0E94F003DB4E3 /* XCRemoteSwiftPackageReference "swift-package-manager-google-mobile-ads" */;
			productName = GoogleMobileAds;
		};
		95E0FBF42C8C126B003EA7BE /* Algorithms */ = {
			isa = XCSwiftPackageProductDependency;
			package = 95E0FBF32C8C126B003EA7BE /* XCRemoteSwiftPackageReference "swift-algorithms" */;
			productName = Algorithms;
		};
/* End XCSwiftPackageProductDependency section */
	};
	rootObject = 95A890B62C5DA06D00959F79 /* Project object */;
}
